// !$*UTF8*$!
{
	archiveVersion = 1;
	classes = {
	};
	objectVersion = 56;
	objects = {

/* Begin PBXBuildFile section */
		F21CEAB02AAC7BF000BF3D98 /* AppDelegate.swift in Sources */ = {isa = PBXBuildFile; fileRef = F21CEAAF2AAC7BF000BF3D98 /* AppDelegate.swift */; };
		F21CEAB22AAC7BF000BF3D98 /* SceneDelegate.swift in Sources */ = {isa = PBXBuildFile; fileRef = F21CEAB12AAC7BF000BF3D98 /* SceneDelegate.swift */; };
		F21CEAB72AAC7BF000BF3D98 /* Main.storyboard in Resources */ = {isa = PBXBuildFile; fileRef = F21CEAB52AAC7BF000BF3D98 /* Main.storyboard */; };
		F21CEABA2AAC7BF000BF3D98 /* NewsApp.xcdatamodeld in Sources */ = {isa = PBXBuildFile; fileRef = F21CEAB82AAC7BF000BF3D98 /* NewsApp.xcdatamodeld */; };
		F21CEABC2AAC7BF100BF3D98 /* Assets.xcassets in Resources */ = {isa = PBXBuildFile; fileRef = F21CEABB2AAC7BF100BF3D98 /* Assets.xcassets */; };
		F21CEABF2AAC7BF100BF3D98 /* LaunchScreen.storyboard in Resources */ = {isa = PBXBuildFile; fileRef = F21CEABD2AAC7BF100BF3D98 /* LaunchScreen.storyboard */; };
		F26962CC2AB388A2005EEA46 /* LoginViewController.swift in Sources */ = {isa = PBXBuildFile; fileRef = F26962CB2AB388A2005EEA46 /* LoginViewController.swift */; };
		F26962CE2AB390CE005EEA46 /* RegisterViewController.swift in Sources */ = {isa = PBXBuildFile; fileRef = F26962CD2AB390CE005EEA46 /* RegisterViewController.swift */; };
		F26CFE902AB467DA003B7C1E /* Home.storyboard in Resources */ = {isa = PBXBuildFile; fileRef = F26CFE8F2AB467DA003B7C1E /* Home.storyboard */; };
		F26CFE922AB46B55003B7C1E /* HomeViewController.swift in Sources */ = {isa = PBXBuildFile; fileRef = F26CFE912AB46B55003B7C1E /* HomeViewController.swift */; };
		F26CFE942AB4808D003B7C1E /* GoogleService-Info.plist in Resources */ = {isa = PBXBuildFile; fileRef = F26CFE932AB4808D003B7C1E /* GoogleService-Info.plist */; };
		F2B9130E2AB4A49A006B9BCF /* ProfileViewController.swift in Sources */ = {isa = PBXBuildFile; fileRef = F2B9130D2AB4A49A006B9BCF /* ProfileViewController.swift */; };
		F2B913102AB4A4AC006B9BCF /* SavedNewsViewController.swift in Sources */ = {isa = PBXBuildFile; fileRef = F2B9130F2AB4A4AC006B9BCF /* SavedNewsViewController.swift */; };
		F2B913132AB4C318006B9BCF /* RxSwift in Frameworks */ = {isa = PBXBuildFile; productRef = F2B913122AB4C318006B9BCF /* RxSwift */; };
		F2B913152AB4C369006B9BCF /* WebService.swift in Sources */ = {isa = PBXBuildFile; fileRef = F2B913142AB4C369006B9BCF /* WebService.swift */; };
		F2B913172AB4C3C2006B9BCF /* News.swift in Sources */ = {isa = PBXBuildFile; fileRef = F2B913162AB4C3C2006B9BCF /* News.swift */; };
		F2B9131E2AB4FBDD006B9BCF /* NewsTableViewCell.swift in Sources */ = {isa = PBXBuildFile; fileRef = F2B9131D2AB4FBDD006B9BCF /* NewsTableViewCell.swift */; };
		F2F515252AAE1F9500A3F06D /* config.swift in Sources */ = {isa = PBXBuildFile; fileRef = F2F515242AAE1F9500A3F06D /* config.swift */; };
		F2F5152B2AAE293D00A3F06D /* FirebaseAuth in Frameworks */ = {isa = PBXBuildFile; productRef = F2F5152A2AAE293D00A3F06D /* FirebaseAuth */; };
		F2F5152E2AAE2C3F00A3F06D /* OnboardingViewController.swift in Sources */ = {isa = PBXBuildFile; fileRef = F2F5152D2AAE2C3F00A3F06D /* OnboardingViewController.swift */; };
		F2F515312AAE562100A3F06D /* OnboardingSlide.swift in Sources */ = {isa = PBXBuildFile; fileRef = F2F515302AAE562100A3F06D /* OnboardingSlide.swift */; };
		F2F515332AAE57D900A3F06D /* OnboardingCollectionViewCell.swift in Sources */ = {isa = PBXBuildFile; fileRef = F2F515322AAE57D900A3F06D /* OnboardingCollectionViewCell.swift */; };
/* End PBXBuildFile section */

/* Begin PBXFileReference section */
		F21CEAAC2AAC7BF000BF3D98 /* NewsApp.app */ = {isa = PBXFileReference; explicitFileType = wrapper.application; includeInIndex = 0; path = NewsApp.app; sourceTree = BUILT_PRODUCTS_DIR; };
		F21CEAAF2AAC7BF000BF3D98 /* AppDelegate.swift */ = {isa = PBXFileReference; lastKnownFileType = sourcecode.swift; path = AppDelegate.swift; sourceTree = "<group>"; };
		F21CEAB12AAC7BF000BF3D98 /* SceneDelegate.swift */ = {isa = PBXFileReference; lastKnownFileType = sourcecode.swift; path = SceneDelegate.swift; sourceTree = "<group>"; };
		F21CEAB62AAC7BF000BF3D98 /* Base */ = {isa = PBXFileReference; lastKnownFileType = file.storyboard; name = Base; path = Base.lproj/Main.storyboard; sourceTree = "<group>"; };
		F21CEAB92AAC7BF000BF3D98 /* NewsApp.xcdatamodel */ = {isa = PBXFileReference; lastKnownFileType = wrapper.xcdatamodel; path = NewsApp.xcdatamodel; sourceTree = "<group>"; };
		F21CEABB2AAC7BF100BF3D98 /* Assets.xcassets */ = {isa = PBXFileReference; lastKnownFileType = folder.assetcatalog; path = Assets.xcassets; sourceTree = "<group>"; };
		F21CEABE2AAC7BF100BF3D98 /* Base */ = {isa = PBXFileReference; lastKnownFileType = file.storyboard; name = Base; path = Base.lproj/LaunchScreen.storyboard; sourceTree = "<group>"; };
		F21CEAC02AAC7BF100BF3D98 /* Info.plist */ = {isa = PBXFileReference; lastKnownFileType = text.plist.xml; path = Info.plist; sourceTree = "<group>"; };
		F26962CB2AB388A2005EEA46 /* LoginViewController.swift */ = {isa = PBXFileReference; lastKnownFileType = sourcecode.swift; path = LoginViewController.swift; sourceTree = "<group>"; };
		F26962CD2AB390CE005EEA46 /* RegisterViewController.swift */ = {isa = PBXFileReference; lastKnownFileType = sourcecode.swift; path = RegisterViewController.swift; sourceTree = "<group>"; };
		F26CFE8F2AB467DA003B7C1E /* Home.storyboard */ = {isa = PBXFileReference; lastKnownFileType = file.storyboard; path = Home.storyboard; sourceTree = "<group>"; };
		F26CFE912AB46B55003B7C1E /* HomeViewController.swift */ = {isa = PBXFileReference; lastKnownFileType = sourcecode.swift; path = HomeViewController.swift; sourceTree = "<group>"; };
		F26CFE932AB4808D003B7C1E /* GoogleService-Info.plist */ = {isa = PBXFileReference; fileEncoding = 4; lastKnownFileType = text.plist.xml; path = "GoogleService-Info.plist"; sourceTree = "<group>"; };
		F2B9130D2AB4A49A006B9BCF /* ProfileViewController.swift */ = {isa = PBXFileReference; lastKnownFileType = sourcecode.swift; path = ProfileViewController.swift; sourceTree = "<group>"; };
		F2B9130F2AB4A4AC006B9BCF /* SavedNewsViewController.swift */ = {isa = PBXFileReference; lastKnownFileType = sourcecode.swift; path = SavedNewsViewController.swift; sourceTree = "<group>"; };
		F2B913142AB4C369006B9BCF /* WebService.swift */ = {isa = PBXFileReference; lastKnownFileType = sourcecode.swift; path = WebService.swift; sourceTree = "<group>"; };
		F2B913162AB4C3C2006B9BCF /* News.swift */ = {isa = PBXFileReference; lastKnownFileType = sourcecode.swift; path = News.swift; sourceTree = "<group>"; };
		F2B9131D2AB4FBDD006B9BCF /* NewsTableViewCell.swift */ = {isa = PBXFileReference; lastKnownFileType = sourcecode.swift; path = NewsTableViewCell.swift; sourceTree = "<group>"; };
		F2F515242AAE1F9500A3F06D /* config.swift */ = {isa = PBXFileReference; lastKnownFileType = sourcecode.swift; path = config.swift; sourceTree = "<group>"; };
		F2F5152D2AAE2C3F00A3F06D /* OnboardingViewController.swift */ = {isa = PBXFileReference; lastKnownFileType = sourcecode.swift; path = OnboardingViewController.swift; sourceTree = "<group>"; };
		F2F515302AAE562100A3F06D /* OnboardingSlide.swift */ = {isa = PBXFileReference; lastKnownFileType = sourcecode.swift; path = OnboardingSlide.swift; sourceTree = "<group>"; };
		F2F515322AAE57D900A3F06D /* OnboardingCollectionViewCell.swift */ = {isa = PBXFileReference; lastKnownFileType = sourcecode.swift; path = OnboardingCollectionViewCell.swift; sourceTree = "<group>"; };
/* End PBXFileReference section */

/* Begin PBXFrameworksBuildPhase section */
		F21CEAA92AAC7BF000BF3D98 /* Frameworks */ = {
			isa = PBXFrameworksBuildPhase;
			buildActionMask = 2147483647;
			files = (
				F2B913132AB4C318006B9BCF /* RxSwift in Frameworks */,
				F2F5152B2AAE293D00A3F06D /* FirebaseAuth in Frameworks */,
			);
			runOnlyForDeploymentPostprocessing = 0;
		};
/* End PBXFrameworksBuildPhase section */

/* Begin PBXGroup section */
		F21CEAA32AAC7BF000BF3D98 = {
			isa = PBXGroup;
			children = (
				F21CEAAE2AAC7BF000BF3D98 /* NewsApp */,
				F21CEAAD2AAC7BF000BF3D98 /* Products */,
			);
			sourceTree = "<group>";
		};
		F21CEAAD2AAC7BF000BF3D98 /* Products */ = {
			isa = PBXGroup;
			children = (
				F21CEAAC2AAC7BF000BF3D98 /* NewsApp.app */,
			);
			name = Products;
			sourceTree = "<group>";
		};
		F21CEAAE2AAC7BF000BF3D98 /* NewsApp */ = {
			isa = PBXGroup;
			children = (
				F2F5152F2AAE53C700A3F06D /* Extensions */,
				F2F515282AAE21AB00A3F06D /* Views */,
				F2F515272AAE219800A3F06D /* ViewModels */,
				F2F515262AAE219100A3F06D /* Models */,
				F2F515232AAE1F8600A3F06D /* Services */,
				F21CEAAF2AAC7BF000BF3D98 /* AppDelegate.swift */,
				F21CEAB12AAC7BF000BF3D98 /* SceneDelegate.swift */,
				F21CEAB52AAC7BF000BF3D98 /* Main.storyboard */,
				F26CFE8F2AB467DA003B7C1E /* Home.storyboard */,
				F21CEABB2AAC7BF100BF3D98 /* Assets.xcassets */,
				F21CEABD2AAC7BF100BF3D98 /* LaunchScreen.storyboard */,
				F26CFE932AB4808D003B7C1E /* GoogleService-Info.plist */,
				F21CEAC02AAC7BF100BF3D98 /* Info.plist */,
				F21CEAB82AAC7BF000BF3D98 /* NewsApp.xcdatamodeld */,
			);
			path = NewsApp;
			sourceTree = "<group>";
		};
		F26962CA2AB3888C005EEA46 /* Auth */ = {
			isa = PBXGroup;
			children = (
				F26962CB2AB388A2005EEA46 /* LoginViewController.swift */,
				F26962CD2AB390CE005EEA46 /* RegisterViewController.swift */,
			);
			path = Auth;
			sourceTree = "<group>";
		};
		F2B9130B2AB4969B006B9BCF /* Home */ = {
			isa = PBXGroup;
			children = (
				F26CFE912AB46B55003B7C1E /* HomeViewController.swift */,
				F2B9130D2AB4A49A006B9BCF /* ProfileViewController.swift */,
				F2B9130F2AB4A4AC006B9BCF /* SavedNewsViewController.swift */,
			);
			path = Home;
			sourceTree = "<group>";
		};
		F2F515232AAE1F8600A3F06D /* Services */ = {
			isa = PBXGroup;
			children = (
				F2F515242AAE1F9500A3F06D /* config.swift */,
				F2B913142AB4C369006B9BCF /* WebService.swift */,
			);
			path = Services;
			sourceTree = "<group>";
		};
		F2F515262AAE219100A3F06D /* Models */ = {
			isa = PBXGroup;
			children = (
				F2F515302AAE562100A3F06D /* OnboardingSlide.swift */,
				F2B913162AB4C3C2006B9BCF /* News.swift */,
			);
			path = Models;
			sourceTree = "<group>";
		};
		F2F515272AAE219800A3F06D /* ViewModels */ = {
			isa = PBXGroup;
			children = (
			);
			path = ViewModels;
			sourceTree = "<group>";
		};
		F2F515282AAE21AB00A3F06D /* Views */ = {
			isa = PBXGroup;
			children = (
				F2B9130B2AB4969B006B9BCF /* Home */,
				F26962CA2AB3888C005EEA46 /* Auth */,
				F2F5152C2AAE2C0700A3F06D /* Onboarding */,
			);
			path = Views;
			sourceTree = "<group>";
		};
		F2F5152C2AAE2C0700A3F06D /* Onboarding */ = {
			isa = PBXGroup;
			children = (
				F2F5152D2AAE2C3F00A3F06D /* OnboardingViewController.swift */,
				F2F515322AAE57D900A3F06D /* OnboardingCollectionViewCell.swift */,
			);
			path = Onboarding;
			sourceTree = "<group>";
		};
		F2F5152F2AAE53C700A3F06D /* Extensions */ = {
			isa = PBXGroup;
			children = (
				F2B9131D2AB4FBDD006B9BCF /* NewsTableViewCell.swift */,
			);
			path = Extensions;
			sourceTree = "<group>";
		};
/* End PBXGroup section */

/* Begin PBXNativeTarget section */
		F21CEAAB2AAC7BF000BF3D98 /* NewsApp */ = {
			isa = PBXNativeTarget;
			buildConfigurationList = F21CEAC32AAC7BF100BF3D98 /* Build configuration list for PBXNativeTarget "NewsApp" */;
			buildPhases = (
				F21CEAA82AAC7BF000BF3D98 /* Sources */,
				F21CEAA92AAC7BF000BF3D98 /* Frameworks */,
				F21CEAAA2AAC7BF000BF3D98 /* Resources */,
			);
			buildRules = (
			);
			dependencies = (
			);
			name = NewsApp;
			packageProductDependencies = (
				F2F5152A2AAE293D00A3F06D /* FirebaseAuth */,
				F2B913122AB4C318006B9BCF /* RxSwift */,
			);
			productName = NewsApp;
			productReference = F21CEAAC2AAC7BF000BF3D98 /* NewsApp.app */;
			productType = "com.apple.product-type.application";
		};
/* End PBXNativeTarget section */

/* Begin PBXProject section */
		F21CEAA42AAC7BF000BF3D98 /* Project object */ = {
			isa = PBXProject;
			attributes = {
				BuildIndependentTargetsInParallel = 1;
				LastSwiftUpdateCheck = 1430;
				LastUpgradeCheck = 1430;
				TargetAttributes = {
					F21CEAAB2AAC7BF000BF3D98 = {
						CreatedOnToolsVersion = 14.3.1;
					};
				};
			};
			buildConfigurationList = F21CEAA72AAC7BF000BF3D98 /* Build configuration list for PBXProject "NewsApp" */;
			compatibilityVersion = "Xcode 14.0";
			developmentRegion = en;
			hasScannedForEncodings = 0;
			knownRegions = (
				en,
				Base,
			);
			mainGroup = F21CEAA32AAC7BF000BF3D98;
			packageReferences = (
				F2F515292AAE293D00A3F06D /* XCRemoteSwiftPackageReference "firebase-ios-sdk" */,
				F2B913112AB4C318006B9BCF /* XCRemoteSwiftPackageReference "RxSwift" */,
			);
			productRefGroup = F21CEAAD2AAC7BF000BF3D98 /* Products */;
			projectDirPath = "";
			projectRoot = "";
			targets = (
				F21CEAAB2AAC7BF000BF3D98 /* NewsApp */,
			);
		};
/* End PBXProject section */

/* Begin PBXResourcesBuildPhase section */
		F21CEAAA2AAC7BF000BF3D98 /* Resources */ = {
			isa = PBXResourcesBuildPhase;
			buildActionMask = 2147483647;
			files = (
				F21CEABF2AAC7BF100BF3D98 /* LaunchScreen.storyboard in Resources */,
				F21CEABC2AAC7BF100BF3D98 /* Assets.xcassets in Resources */,
				F26CFE942AB4808D003B7C1E /* GoogleService-Info.plist in Resources */,
				F21CEAB72AAC7BF000BF3D98 /* Main.storyboard in Resources */,
				F26CFE902AB467DA003B7C1E /* Home.storyboard in Resources */,
			);
			runOnlyForDeploymentPostprocessing = 0;
		};
/* End PBXResourcesBuildPhase section */

/* Begin PBXSourcesBuildPhase section */
		F21CEAA82AAC7BF000BF3D98 /* Sources */ = {
			isa = PBXSourcesBuildPhase;
			buildActionMask = 2147483647;
			files = (
				F2B913152AB4C369006B9BCF /* WebService.swift in Sources */,
				F26962CE2AB390CE005EEA46 /* RegisterViewController.swift in Sources */,
				F2F5152E2AAE2C3F00A3F06D /* OnboardingViewController.swift in Sources */,
				F21CEAB02AAC7BF000BF3D98 /* AppDelegate.swift in Sources */,
				F2B913172AB4C3C2006B9BCF /* News.swift in Sources */,
				F21CEABA2AAC7BF000BF3D98 /* NewsApp.xcdatamodeld in Sources */,
				F2F515252AAE1F9500A3F06D /* config.swift in Sources */,
				F26CFE922AB46B55003B7C1E /* HomeViewController.swift in Sources */,
				F2B9130E2AB4A49A006B9BCF /* ProfileViewController.swift in Sources */,
				F26962CC2AB388A2005EEA46 /* LoginViewController.swift in Sources */,
				F2F515312AAE562100A3F06D /* OnboardingSlide.swift in Sources */,
				F2F515332AAE57D900A3F06D /* OnboardingCollectionViewCell.swift in Sources */,
				F2B9131E2AB4FBDD006B9BCF /* NewsTableViewCell.swift in Sources */,
				F21CEAB22AAC7BF000BF3D98 /* SceneDelegate.swift in Sources */,
				F2B913102AB4A4AC006B9BCF /* SavedNewsViewController.swift in Sources */,
			);
			runOnlyForDeploymentPostprocessing = 0;
		};
/* End PBXSourcesBuildPhase section */

/* Begin PBXVariantGroup section */
		F21CEAB52AAC7BF000BF3D98 /* Main.storyboard */ = {
			isa = PBXVariantGroup;
			children = (
				F21CEAB62AAC7BF000BF3D98 /* Base */,
			);
			name = Main.storyboard;
			sourceTree = "<group>";
		};
		F21CEABD2AAC7BF100BF3D98 /* LaunchScreen.storyboard */ = {
			isa = PBXVariantGroup;
			children = (
				F21CEABE2AAC7BF100BF3D98 /* Base */,
			);
			name = LaunchScreen.storyboard;
			sourceTree = "<group>";
		};
/* End PBXVariantGroup section */

/* Begin XCBuildConfiguration section */
		F21CEAC12AAC7BF100BF3D98 /* Debug */ = {
			isa = XCBuildConfiguration;
			buildSettings = {
				ALWAYS_SEARCH_USER_PATHS = NO;
				CLANG_ANALYZER_NONNULL = YES;
				CLANG_ANALYZER_NUMBER_OBJECT_CONVERSION = YES_AGGRESSIVE;
				CLANG_CXX_LANGUAGE_STANDARD = "gnu++20";
				CLANG_ENABLE_MODULES = YES;
				CLANG_ENABLE_OBJC_ARC = YES;
				CLANG_ENABLE_OBJC_WEAK = YES;
				CLANG_WARN_BLOCK_CAPTURE_AUTORELEASING = YES;
				CLANG_WARN_BOOL_CONVERSION = YES;
				CLANG_WARN_COMMA = YES;
				CLANG_WARN_CONSTANT_CONVERSION = YES;
				CLANG_WARN_DEPRECATED_OBJC_IMPLEMENTATIONS = YES;
				CLANG_WARN_DIRECT_OBJC_ISA_USAGE = YES_ERROR;
				CLANG_WARN_DOCUMENTATION_COMMENTS = YES;
				CLANG_WARN_EMPTY_BODY = YES;
				CLANG_WARN_ENUM_CONVERSION = YES;
				CLANG_WARN_INFINITE_RECURSION = YES;
				CLANG_WARN_INT_CONVERSION = YES;
				CLANG_WARN_NON_LITERAL_NULL_CONVERSION = YES;
				CLANG_WARN_OBJC_IMPLICIT_RETAIN_SELF = YES;
				CLANG_WARN_OBJC_LITERAL_CONVERSION = YES;
				CLANG_WARN_OBJC_ROOT_CLASS = YES_ERROR;
				CLANG_WARN_QUOTED_INCLUDE_IN_FRAMEWORK_HEADER = YES;
				CLANG_WARN_RANGE_LOOP_ANALYSIS = YES;
				CLANG_WARN_STRICT_PROTOTYPES = YES;
				CLANG_WARN_SUSPICIOUS_MOVE = YES;
				CLANG_WARN_UNGUARDED_AVAILABILITY = YES_AGGRESSIVE;
				CLANG_WARN_UNREACHABLE_CODE = YES;
				CLANG_WARN__DUPLICATE_METHOD_MATCH = YES;
				COPY_PHASE_STRIP = NO;
				DEBUG_INFORMATION_FORMAT = dwarf;
				ENABLE_STRICT_OBJC_MSGSEND = YES;
				ENABLE_TESTABILITY = YES;
				GCC_C_LANGUAGE_STANDARD = gnu11;
				GCC_DYNAMIC_NO_PIC = NO;
				GCC_NO_COMMON_BLOCKS = YES;
				GCC_OPTIMIZATION_LEVEL = 0;
				GCC_PREPROCESSOR_DEFINITIONS = (
					"DEBUG=1",
					"$(inherited)",
				);
				GCC_WARN_64_TO_32_BIT_CONVERSION = YES;
				GCC_WARN_ABOUT_RETURN_TYPE = YES_ERROR;
				GCC_WARN_UNDECLARED_SELECTOR = YES;
				GCC_WARN_UNINITIALIZED_AUTOS = YES_AGGRESSIVE;
				GCC_WARN_UNUSED_FUNCTION = YES;
				GCC_WARN_UNUSED_VARIABLE = YES;
				IPHONEOS_DEPLOYMENT_TARGET = 16.4;
				MTL_ENABLE_DEBUG_INFO = INCLUDE_SOURCE;
				MTL_FAST_MATH = YES;
				ONLY_ACTIVE_ARCH = YES;
				SDKROOT = iphoneos;
				SWIFT_ACTIVE_COMPILATION_CONDITIONS = DEBUG;
				SWIFT_OPTIMIZATION_LEVEL = "-Onone";
			};
			name = Debug;
		};
		F21CEAC22AAC7BF100BF3D98 /* Release */ = {
			isa = XCBuildConfiguration;
			buildSettings = {
				ALWAYS_SEARCH_USER_PATHS = NO;
				CLANG_ANALYZER_NONNULL = YES;
				CLANG_ANALYZER_NUMBER_OBJECT_CONVERSION = YES_AGGRESSIVE;
				CLANG_CXX_LANGUAGE_STANDARD = "gnu++20";
				CLANG_ENABLE_MODULES = YES;
				CLANG_ENABLE_OBJC_ARC = YES;
				CLANG_ENABLE_OBJC_WEAK = YES;
				CLANG_WARN_BLOCK_CAPTURE_AUTORELEASING = YES;
				CLANG_WARN_BOOL_CONVERSION = YES;
				CLANG_WARN_COMMA = YES;
				CLANG_WARN_CONSTANT_CONVERSION = YES;
				CLANG_WARN_DEPRECATED_OBJC_IMPLEMENTATIONS = YES;
				CLANG_WARN_DIRECT_OBJC_ISA_USAGE = YES_ERROR;
				CLANG_WARN_DOCUMENTATION_COMMENTS = YES;
				CLANG_WARN_EMPTY_BODY = YES;
				CLANG_WARN_ENUM_CONVERSION = YES;
				CLANG_WARN_INFINITE_RECURSION = YES;
				CLANG_WARN_INT_CONVERSION = YES;
				CLANG_WARN_NON_LITERAL_NULL_CONVERSION = YES;
				CLANG_WARN_OBJC_IMPLICIT_RETAIN_SELF = YES;
				CLANG_WARN_OBJC_LITERAL_CONVERSION = YES;
				CLANG_WARN_OBJC_ROOT_CLASS = YES_ERROR;
				CLANG_WARN_QUOTED_INCLUDE_IN_FRAMEWORK_HEADER = YES;
				CLANG_WARN_RANGE_LOOP_ANALYSIS = YES;
				CLANG_WARN_STRICT_PROTOTYPES = YES;
				CLANG_WARN_SUSPICIOUS_MOVE = YES;
				CLANG_WARN_UNGUARDED_AVAILABILITY = YES_AGGRESSIVE;
				CLANG_WARN_UNREACHABLE_CODE = YES;
				CLANG_WARN__DUPLICATE_METHOD_MATCH = YES;
				COPY_PHASE_STRIP = NO;
				DEBUG_INFORMATION_FORMAT = "dwarf-with-dsym";
				ENABLE_NS_ASSERTIONS = NO;
				ENABLE_STRICT_OBJC_MSGSEND = YES;
				GCC_C_LANGUAGE_STANDARD = gnu11;
				GCC_NO_COMMON_BLOCKS = YES;
				GCC_WARN_64_TO_32_BIT_CONVERSION = YES;
				GCC_WARN_ABOUT_RETURN_TYPE = YES_ERROR;
				GCC_WARN_UNDECLARED_SELECTOR = YES;
				GCC_WARN_UNINITIALIZED_AUTOS = YES_AGGRESSIVE;
				GCC_WARN_UNUSED_FUNCTION = YES;
				GCC_WARN_UNUSED_VARIABLE = YES;
				IPHONEOS_DEPLOYMENT_TARGET = 16.4;
				MTL_ENABLE_DEBUG_INFO = NO;
				MTL_FAST_MATH = YES;
				SDKROOT = iphoneos;
				SWIFT_COMPILATION_MODE = wholemodule;
				SWIFT_OPTIMIZATION_LEVEL = "-O";
				VALIDATE_PRODUCT = YES;
			};
			name = Release;
		};
		F21CEAC42AAC7BF100BF3D98 /* Debug */ = {
			isa = XCBuildConfiguration;
			buildSettings = {
				ASSETCATALOG_COMPILER_APPICON_NAME = AppIcon;
				ASSETCATALOG_COMPILER_GLOBAL_ACCENT_COLOR_NAME = AccentColor;
				CODE_SIGN_STYLE = Automatic;
				CURRENT_PROJECT_VERSION = 1;
				DEVELOPMENT_TEAM = G9HT48F9AL;
				GENERATE_INFOPLIST_FILE = YES;
				INFOPLIST_FILE = NewsApp/Info.plist;
				INFOPLIST_KEY_UIApplicationSupportsIndirectInputEvents = YES;
				INFOPLIST_KEY_UILaunchStoryboardName = LaunchScreen;
				INFOPLIST_KEY_UIMainStoryboardFile = Main;
				INFOPLIST_KEY_UISupportedInterfaceOrientations_iPad = "UIInterfaceOrientationPortrait UIInterfaceOrientationPortraitUpsideDown UIInterfaceOrientationLandscapeLeft UIInterfaceOrientationLandscapeRight";
				INFOPLIST_KEY_UISupportedInterfaceOrientations_iPhone = "UIInterfaceOrientationPortrait UIInterfaceOrientationLandscapeLeft UIInterfaceOrientationLandscapeRight";
				LD_RUNPATH_SEARCH_PATHS = (
					"$(inherited)",
					"@executable_path/Frameworks",
				);
				MARKETING_VERSION = 1.0;
				PRODUCT_BUNDLE_IDENTIFIER = maazez.NewsApp;
				PRODUCT_NAME = "$(TARGET_NAME)";
				SWIFT_EMIT_LOC_STRINGS = YES;
				SWIFT_VERSION = 5.0;
				TARGETED_DEVICE_FAMILY = "1,2";
			};
			name = Debug;
		};
		F21CEAC52AAC7BF100BF3D98 /* Release */ = {
			isa = XCBuildConfiguration;
			buildSettings = {
				ASSETCATALOG_COMPILER_APPICON_NAME = AppIcon;
				ASSETCATALOG_COMPILER_GLOBAL_ACCENT_COLOR_NAME = AccentColor;
				CODE_SIGN_STYLE = Automatic;
				CURRENT_PROJECT_VERSION = 1;
				DEVELOPMENT_TEAM = G9HT48F9AL;
				GENERATE_INFOPLIST_FILE = YES;
				INFOPLIST_FILE = NewsApp/Info.plist;
				INFOPLIST_KEY_UIApplicationSupportsIndirectInputEvents = YES;
				INFOPLIST_KEY_UILaunchStoryboardName = LaunchScreen;
				INFOPLIST_KEY_UIMainStoryboardFile = Main;
				INFOPLIST_KEY_UISupportedInterfaceOrientations_iPad = "UIInterfaceOrientationPortrait UIInterfaceOrientationPortraitUpsideDown UIInterfaceOrientationLandscapeLeft UIInterfaceOrientationLandscapeRight";
				INFOPLIST_KEY_UISupportedInterfaceOrientations_iPhone = "UIInterfaceOrientationPortrait UIInterfaceOrientationLandscapeLeft UIInterfaceOrientationLandscapeRight";
				LD_RUNPATH_SEARCH_PATHS = (
					"$(inherited)",
					"@executable_path/Frameworks",
				);
				MARKETING_VERSION = 1.0;
				PRODUCT_BUNDLE_IDENTIFIER = maazez.NewsApp;
				PRODUCT_NAME = "$(TARGET_NAME)";
				SWIFT_EMIT_LOC_STRINGS = YES;
				SWIFT_VERSION = 5.0;
				TARGETED_DEVICE_FAMILY = "1,2";
			};
			name = Release;
		};
/* End XCBuildConfiguration section */

/* Begin XCConfigurationList section */
		F21CEAA72AAC7BF000BF3D98 /* Build configuration list for PBXProject "NewsApp" */ = {
			isa = XCConfigurationList;
			buildConfigurations = (
				F21CEAC12AAC7BF100BF3D98 /* Debug */,
				F21CEAC22AAC7BF100BF3D98 /* Release */,
			);
			defaultConfigurationIsVisible = 0;
			defaultConfigurationName = Release;
		};
		F21CEAC32AAC7BF100BF3D98 /* Build configuration list for PBXNativeTarget "NewsApp" */ = {
			isa = XCConfigurationList;
			buildConfigurations = (
				F21CEAC42AAC7BF100BF3D98 /* Debug */,
				F21CEAC52AAC7BF100BF3D98 /* Release */,
			);
			defaultConfigurationIsVisible = 0;
			defaultConfigurationName = Release;
		};
/* End XCConfigurationList section */

/* Begin XCRemoteSwiftPackageReference section */
		F2B913112AB4C318006B9BCF /* XCRemoteSwiftPackageReference "RxSwift" */ = {
			isa = XCRemoteSwiftPackageReference;
			repositoryURL = "https://github.com/ReactiveX/RxSwift";
			requirement = {
				kind = upToNextMajorVersion;
				minimumVersion = 6.0.0;
			};
		};
		F2F515292AAE293D00A3F06D /* XCRemoteSwiftPackageReference "firebase-ios-sdk" */ = {
			isa = XCRemoteSwiftPackageReference;
			repositoryURL = "https://github.com/firebase/firebase-ios-sdk";
			requirement = {
				kind = upToNextMajorVersion;
				minimumVersion = 10.0.0;
			};
		};
/* End XCRemoteSwiftPackageReference section */

/* Begin XCSwiftPackageProductDependency section */
		F2B913122AB4C318006B9BCF /* RxSwift */ = {
			isa = XCSwiftPackageProductDependency;
			package = F2B913112AB4C318006B9BCF /* XCRemoteSwiftPackageReference "RxSwift" */;
			productName = RxSwift;
		};
		F2F5152A2AAE293D00A3F06D /* FirebaseAuth */ = {
			isa = XCSwiftPackageProductDependency;
			package = F2F515292AAE293D00A3F06D /* XCRemoteSwiftPackageReference "firebase-ios-sdk" */;
			productName = FirebaseAuth;
		};
/* End XCSwiftPackageProductDependency section */

/* Begin XCVersionGroup section */
		F21CEAB82AAC7BF000BF3D98 /* NewsApp.xcdatamodeld */ = {
			isa = XCVersionGroup;
			children = (
				F21CEAB92AAC7BF000BF3D98 /* NewsApp.xcdatamodel */,
			);
			currentVersion = F21CEAB92AAC7BF000BF3D98 /* NewsApp.xcdatamodel */;
			path = NewsApp.xcdatamodeld;
			sourceTree = "<group>";
			versionGroupType = wrapper.xcdatamodel;
		};
/* End XCVersionGroup section */
	};
	rootObject = F21CEAA42AAC7BF000BF3D98 /* Project object */;
}
